
Microsoft Visual Studio Solution File, Format Version 12.00
# Visual Studio Version 16
VisualStudioVersion = 16.0.28701.123
MinimumVisualStudioVersion = 10.0.40219.1
Project("{FAE04EC0-301F-11D3-BF4B-00C04F79EFBC}") = "AracKiralamaApp.WebUI", "AracKiralamaApp.WebUI\AracKiralamaApp.WebUI.csproj", "{D740C84B-0FFD-4F89-B2C5-184656C00D00}"
EndProject
Global
	GlobalSection(SolutionConfigurationPlatforms) = preSolution
		Debug|Any CPU = Debug|Any CPU
		Release|Any CPU = Release|Any CPU
	EndGlobalSection
	GlobalSection(ProjectConfigurationPlatforms) = postSolution
		{D740C84B-0FFD-4F89-B2C5-184656C00D00}.Debug|Any CPU.ActiveCfg = Debug|Any CPU
		{D740C84B-0FFD-4F89-B2C5-184656C00D00}.Debug|Any CPU.Build.0 = Debug|Any CPU
		{D740C84B-0FFD-4F89-B2C5-184656C00D00}.Release|Any CPU.ActiveCfg = Release|Any CPU
		{D740C84B-0FFD-4F89-B2C5-184656C00D00}.Release|Any CPU.Build.0 = Release|Any CPU
	EndGlobalSection
	GlobalSection(SolutionProperties) = preSolution
		HideSolutionNode = FALSE
	EndGlobalSection
	GlobalSection(ExtensibilityGlobals) = postSolution
		SolutionGuid = {011B1444-D33D-4A4E-AE1F-E7C9EBA87B27}
	EndGlobalSection
EndGlobal
